
Microsoft Visual Studio Solution File, Format Version 12.00
# Visual Studio Version 16
VisualStudioVersion = 16.0.32228.343
MinimumVisualStudioVersion = 10.0.40219.1
Project("{FAE04EC0-301F-11D3-BF4B-00C04F79EFBC}") = "CapaNegocio", "CapaNegocio\CapaNegocio.csproj", "{762AF64A-2526-473A-B046-F00591B7B438}"
EndProject
Project("{FAE04EC0-301F-11D3-BF4B-00C04F79EFBC}") = "CapaPresentacion", "CapaPresentacion\CapaPresentacion.csproj", "{7061290D-1AD4-44B7-AA36-786F8926ECD1}"
EndProject
Global
	GlobalSection(SolutionConfigurationPlatforms) = preSolution
		Debug|Any CPU = Debug|Any CPU
		Release|Any CPU = Release|Any CPU
	EndGlobalSection
	GlobalSection(ProjectConfigurationPlatforms) = postSolution
		{762AF64A-2526-473A-B046-F00591B7B438}.Debug|Any CPU.ActiveCfg = Debug|Any CPU
		{762AF64A-2526-473A-B046-F00591B7B438}.Debug|Any CPU.Build.0 = Debug|Any CPU
		{762AF64A-2526-473A-B046-F00591B7B438}.Release|Any CPU.ActiveCfg = Release|Any CPU
		{762AF64A-2526-473A-B046-F00591B7B438}.Release|Any CPU.Build.0 = Release|Any CPU
		{7061290D-1AD4-44B7-AA36-786F8926ECD1}.Debug|Any CPU.ActiveCfg = Debug|Any CPU
		{7061290D-1AD4-44B7-AA36-786F8926ECD1}.Debug|Any CPU.Build.0 = Debug|Any CPU
		{7061290D-1AD4-44B7-AA36-786F8926ECD1}.Release|Any CPU.ActiveCfg = Release|Any CPU
		{7061290D-1AD4-44B7-AA36-786F8926ECD1}.Release|Any CPU.Build.0 = Release|Any CPU
	EndGlobalSection
	GlobalSection(SolutionProperties) = preSolution
		HideSolutionNode = FALSE
	EndGlobalSection
	GlobalSection(ExtensibilityGlobals) = postSolution
		SolutionGuid = {654CD6C3-49E8-4365-A5A2-4D9DB0D401C6}
	EndGlobalSection
EndGlobal
